// !$*UTF8*$!
{
	archiveVersion = 1;
	classes = {
	};
	objectVersion = 50;
	objects = {

/* Begin PBXBuildFile section */
		22B96E3A22BDFF04001BA433 /* AppDelegate.swift in Sources */ = {isa = PBXBuildFile; fileRef = 22B96E3922BDFF04001BA433 /* AppDelegate.swift */; };
		22B96E3C22BDFF04001BA433 /* ViewController.swift in Sources */ = {isa = PBXBuildFile; fileRef = 22B96E3B22BDFF04001BA433 /* ViewController.swift */; };
		22B96E3F22BDFF04001BA433 /* Main.storyboard in Resources */ = {isa = PBXBuildFile; fileRef = 22B96E3D22BDFF04001BA433 /* Main.storyboard */; };
		22B96E4122BDFF05001BA433 /* Assets.xcassets in Resources */ = {isa = PBXBuildFile; fileRef = 22B96E4022BDFF05001BA433 /* Assets.xcassets */; };
		22B96E4422BDFF05001BA433 /* LaunchScreen.storyboard in Resources */ = {isa = PBXBuildFile; fileRef = 22B96E4222BDFF05001BA433 /* LaunchScreen.storyboard */; };
		22B96E4F22BDFF06001BA433 /* Programmatic_Auto_Layout_ConstraintsTests.swift in Sources */ = {isa = PBXBuildFile; fileRef = 22B96E4E22BDFF06001BA433 /* Programmatic_Auto_Layout_ConstraintsTests.swift */; };
		22B96E5A22BDFF06001BA433 /* Programmatic_Auto_Layout_ConstraintsUITests.swift in Sources */ = {isa = PBXBuildFile; fileRef = 22B96E5922BDFF06001BA433 /* Programmatic_Auto_Layout_ConstraintsUITests.swift */; };
/* End PBXBuildFile section */

/* Begin PBXContainerItemProxy section */
		22B96E4B22BDFF05001BA433 /* PBXContainerItemProxy */ = {
			isa = PBXContainerItemProxy;
			containerPortal = 22B96E2E22BDFF04001BA433 /* Project object */;
			proxyType = 1;
			remoteGlobalIDString = 22B96E3522BDFF04001BA433;
			remoteInfo = "Programmatic Auto Layout Constraints";
		};
		22B96E5622BDFF06001BA433 /* PBXContainerItemProxy */ = {
			isa = PBXContainerItemProxy;
			containerPortal = 22B96E2E22BDFF04001BA433 /* Project object */;
			proxyType = 1;
			remoteGlobalIDString = 22B96E3522BDFF04001BA433;
			remoteInfo = "Programmatic Auto Layout Constraints";
		};
/* End PBXContainerItemProxy section */

/* Begin PBXFileReference section */
		22B96E3622BDFF04001BA433 /* Programmatic Auto Layout Constraints.app */ = {isa = PBXFileReference; explicitFileType = wrapper.application; includeInIndex = 0; path = "Programmatic Auto Layout Constraints.app"; sourceTree = BUILT_PRODUCTS_DIR; };
		22B96E3922BDFF04001BA433 /* AppDelegate.swift */ = {isa = PBXFileReference; lastKnownFileType = sourcecode.swift; path = AppDelegate.swift; sourceTree = "<group>"; };
		22B96E3B22BDFF04001BA433 /* ViewController.swift */ = {isa = PBXFileReference; lastKnownFileType = sourcecode.swift; path = ViewController.swift; sourceTree = "<group>"; };
		22B96E3E22BDFF04001BA433 /* Base */ = {isa = PBXFileReference; lastKnownFileType = file.storyboard; name = Base; path = Base.lproj/Main.storyboard; sourceTree = "<group>"; };
		22B96E4022BDFF05001BA433 /* Assets.xcassets */ = {isa = PBXFileReference; lastKnownFileType = folder.assetcatalog; path = Assets.xcassets; sourceTree = "<group>"; };
		22B96E4322BDFF05001BA433 /* Base */ = {isa = PBXFileReference; lastKnownFileType = file.storyboard; name = Base; path = Base.lproj/LaunchScreen.storyboard; sourceTree = "<group>"; };
		22B96E4522BDFF05001BA433 /* Info.plist */ = {isa = PBXFileReference; lastKnownFileType = text.plist.xml; path = Info.plist; sourceTree = "<group>"; };
		22B96E4A22BDFF05001BA433 /* Programmatic Auto Layout ConstraintsTests.xctest */ = {isa = PBXFileReference; explicitFileType = wrapper.cfbundle; includeInIndex = 0; path = "Programmatic Auto Layout ConstraintsTests.xctest"; sourceTree = BUILT_PRODUCTS_DIR; };
		22B96E4E22BDFF06001BA433 /* Programmatic_Auto_Layout_ConstraintsTests.swift */ = {isa = PBXFileReference; lastKnownFileType = sourcecode.swift; path = Programmatic_Auto_Layout_ConstraintsTests.swift; sourceTree = "<group>"; };
		22B96E5022BDFF06001BA433 /* Info.plist */ = {isa = PBXFileReference; lastKnownFileType = text.plist.xml; path = Info.plist; sourceTree = "<group>"; };
		22B96E5522BDFF06001BA433 /* Programmatic Auto Layout ConstraintsUITests.xctest */ = {isa = PBXFileReference; explicitFileType = wrapper.cfbundle; includeInIndex = 0; path = "Programmatic Auto Layout ConstraintsUITests.xctest"; sourceTree = BUILT_PRODUCTS_DIR; };
		22B96E5922BDFF06001BA433 /* Programmatic_Auto_Layout_ConstraintsUITests.swift */ = {isa = PBXFileReference; lastKnownFileType = sourcecode.swift; path = Programmatic_Auto_Layout_ConstraintsUITests.swift; sourceTree = "<group>"; };
		22B96E5B22BDFF06001BA433 /* Info.plist */ = {isa = PBXFileReference; lastKnownFileType = text.plist.xml; path = Info.plist; sourceTree = "<group>"; };
/* End PBXFileReference section */

/* Begin PBXFrameworksBuildPhase section */
		22B96E3322BDFF04001BA433 /* Frameworks */ = {
			isa = PBXFrameworksBuildPhase;
			buildActionMask = 2147483647;
			files = (
			);
			runOnlyForDeploymentPostprocessing = 0;
		};
		22B96E4722BDFF05001BA433 /* Frameworks */ = {
			isa = PBXFrameworksBuildPhase;
			buildActionMask = 2147483647;
			files = (
			);
			runOnlyForDeploymentPostprocessing = 0;
		};
		22B96E5222BDFF06001BA433 /* Frameworks */ = {
			isa = PBXFrameworksBuildPhase;
			buildActionMask = 2147483647;
			files = (
			);
			runOnlyForDeploymentPostprocessing = 0;
		};
/* End PBXFrameworksBuildPhase section */

/* Begin PBXGroup section */
		22B96E2D22BDFF04001BA433 = {
			isa = PBXGroup;
			children = (
				22B96E3822BDFF04001BA433 /* Programmatic Auto Layout Constraints */,
				22B96E4D22BDFF05001BA433 /* Programmatic Auto Layout ConstraintsTests */,
				22B96E5822BDFF06001BA433 /* Programmatic Auto Layout ConstraintsUITests */,
				22B96E3722BDFF04001BA433 /* Products */,
			);
			sourceTree = "<group>";
		};
		22B96E3722BDFF04001BA433 /* Products */ = {
			isa = PBXGroup;
			children = (
				22B96E3622BDFF04001BA433 /* Programmatic Auto Layout Constraints.app */,
				22B96E4A22BDFF05001BA433 /* Programmatic Auto Layout ConstraintsTests.xctest */,
				22B96E5522BDFF06001BA433 /* Programmatic Auto Layout ConstraintsUITests.xctest */,
			);
			name = Products;
			sourceTree = "<group>";
		};
		22B96E3822BDFF04001BA433 /* Programmatic Auto Layout Constraints */ = {
			isa = PBXGroup;
			children = (
				22B96E3922BDFF04001BA433 /* AppDelegate.swift */,
				22B96E3B22BDFF04001BA433 /* ViewController.swift */,
				22B96E3D22BDFF04001BA433 /* Main.storyboard */,
				22B96E4022BDFF05001BA433 /* Assets.xcassets */,
				22B96E4222BDFF05001BA433 /* LaunchScreen.storyboard */,
				22B96E4522BDFF05001BA433 /* Info.plist */,
			);
			path = "Programmatic Auto Layout Constraints";
			sourceTree = "<group>";
		};
		22B96E4D22BDFF05001BA433 /* Programmatic Auto Layout ConstraintsTests */ = {
			isa = PBXGroup;
			children = (
				22B96E4E22BDFF06001BA433 /* Programmatic_Auto_Layout_ConstraintsTests.swift */,
				22B96E5022BDFF06001BA433 /* Info.plist */,
			);
			path = "Programmatic Auto Layout ConstraintsTests";
			sourceTree = "<group>";
		};
		22B96E5822BDFF06001BA433 /* Programmatic Auto Layout ConstraintsUITests */ = {
			isa = PBXGroup;
			children = (
				22B96E5922BDFF06001BA433 /* Programmatic_Auto_Layout_ConstraintsUITests.swift */,
				22B96E5B22BDFF06001BA433 /* Info.plist */,
			);
			path = "Programmatic Auto Layout ConstraintsUITests";
			sourceTree = "<group>";
		};
/* End PBXGroup section */

/* Begin PBXNativeTarget section */
		22B96E3522BDFF04001BA433 /* Programmatic Auto Layout Constraints */ = {
			isa = PBXNativeTarget;
			buildConfigurationList = 22B96E5E22BDFF06001BA433 /* Build configuration list for PBXNativeTarget "Programmatic Auto Layout Constraints" */;
			buildPhases = (
				22B96E3222BDFF04001BA433 /* Sources */,
				22B96E3322BDFF04001BA433 /* Frameworks */,
				22B96E3422BDFF04001BA433 /* Resources */,
			);
			buildRules = (
			);
			dependencies = (
			);
			name = "Programmatic Auto Layout Constraints";
			productName = "Programmatic Auto Layout Constraints";
			productReference = 22B96E3622BDFF04001BA433 /* Programmatic Auto Layout Constraints.app */;
			productType = "com.apple.product-type.application";
		};
		22B96E4922BDFF05001BA433 /* Programmatic Auto Layout ConstraintsTests */ = {
			isa = PBXNativeTarget;
			buildConfigurationList = 22B96E6122BDFF06001BA433 /* Build configuration list for PBXNativeTarget "Programmatic Auto Layout ConstraintsTests" */;
			buildPhases = (
				22B96E4622BDFF05001BA433 /* Sources */,
				22B96E4722BDFF05001BA433 /* Frameworks */,
				22B96E4822BDFF05001BA433 /* Resources */,
			);
			buildRules = (
			);
			dependencies = (
				22B96E4C22BDFF05001BA433 /* PBXTargetDependency */,
			);
			name = "Programmatic Auto Layout ConstraintsTests";
			productName = "Programmatic Auto Layout ConstraintsTests";
			productReference = 22B96E4A22BDFF05001BA433 /* Programmatic Auto Layout ConstraintsTests.xctest */;
			productType = "com.apple.product-type.bundle.unit-test";
		};
		22B96E5422BDFF06001BA433 /* Programmatic Auto Layout ConstraintsUITests */ = {
			isa = PBXNativeTarget;
			buildConfigurationList = 22B96E6422BDFF06001BA433 /* Build configuration list for PBXNativeTarget "Programmatic Auto Layout ConstraintsUITests" */;
			buildPhases = (
				22B96E5122BDFF06001BA433 /* Sources */,
				22B96E5222BDFF06001BA433 /* Frameworks */,
				22B96E5322BDFF06001BA433 /* Resources */,
			);
			buildRules = (
			);
			dependencies = (
				22B96E5722BDFF06001BA433 /* PBXTargetDependency */,
			);
			name = "Programmatic Auto Layout ConstraintsUITests";
			productName = "Programmatic Auto Layout ConstraintsUITests";
			productReference = 22B96E5522BDFF06001BA433 /* Programmatic Auto Layout ConstraintsUITests.xctest */;
			productType = "com.apple.product-type.bundle.ui-testing";
		};
/* End PBXNativeTarget section */

/* Begin PBXProject section */
		22B96E2E22BDFF04001BA433 /* Project object */ = {
			isa = PBXProject;
			attributes = {
				LastSwiftUpdateCheck = 1010;
				LastUpgradeCheck = 1010;
				ORGANIZATIONNAME = "Yang Liu";
				TargetAttributes = {
					22B96E3522BDFF04001BA433 = {
						CreatedOnToolsVersion = 10.1;
					};
					22B96E4922BDFF05001BA433 = {
						CreatedOnToolsVersion = 10.1;
						TestTargetID = 22B96E3522BDFF04001BA433;
					};
					22B96E5422BDFF06001BA433 = {
						CreatedOnToolsVersion = 10.1;
						TestTargetID = 22B96E3522BDFF04001BA433;
					};
				};
			};
			buildConfigurationList = 22B96E3122BDFF04001BA433 /* Build configuration list for PBXProject "Programmatic Auto Layout Constraints" */;
			compatibilityVersion = "Xcode 9.3";
			developmentRegion = en;
			hasScannedForEncodings = 0;
			knownRegions = (
				en,
				Base,
			);
			mainGroup = 22B96E2D22BDFF04001BA433;
			productRefGroup = 22B96E3722BDFF04001BA433 /* Products */;
			projectDirPath = "";
			projectRoot = "";
			targets = (
				22B96E3522BDFF04001BA433 /* Programmatic Auto Layout Constraints */,
				22B96E4922BDFF05001BA433 /* Programmatic Auto Layout ConstraintsTests */,
				22B96E5422BDFF06001BA433 /* Programmatic Auto Layout ConstraintsUITests */,
			);
		};
/* End PBXProject section */

/* Begin PBXResourcesBuildPhase section */
		22B96E3422BDFF04001BA433 /* Resources */ = {
			isa = PBXResourcesBuildPhase;
			buildActionMask = 2147483647;
			files = (
				22B96E4422BDFF05001BA433 /* LaunchScreen.storyboard in Resources */,
				22B96E4122BDFF05001BA433 /* Assets.xcassets in Resources */,
				22B96E3F22BDFF04001BA433 /* Main.storyboard in Resources */,
			);
			runOnlyForDeploymentPostprocessing = 0;
		};
		22B96E4822BDFF05001BA433 /* Resources */ = {
			isa = PBXResourcesBuildPhase;
			buildActionMask = 2147483647;
			files = (
			);
			runOnlyForDeploymentPostprocessing = 0;
		};
		22B96E5322BDFF06001BA433 /* Resources */ = {
			isa = PBXResourcesBuildPhase;
			buildActionMask = 2147483647;
			files = (
			);
			runOnlyForDeploymentPostprocessing = 0;
		};
/* End PBXResourcesBuildPhase section */

/* Begin PBXSourcesBuildPhase section */
		22B96E3222BDFF04001BA433 /* Sources */ = {
			isa = PBXSourcesBuildPhase;
			buildActionMask = 2147483647;
			files = (
				22B96E3C22BDFF04001BA433 /* ViewController.swift in Sources */,
				22B96E3A22BDFF04001BA433 /* AppDelegate.swift in Sources */,
			);
			runOnlyForDeploymentPostprocessing = 0;
		};
		22B96E4622BDFF05001BA433 /* Sources */ = {
			isa = PBXSourcesBuildPhase;
			buildActionMask = 2147483647;
			files = (
				22B96E4F22BDFF06001BA433 /* Programmatic_Auto_Layout_ConstraintsTests.swift in Sources */,
			);
			runOnlyForDeploymentPostprocessing = 0;
		};
		22B96E5122BDFF06001BA433 /* Sources */ = {
			isa = PBXSourcesBuildPhase;
			buildActionMask = 2147483647;
			files = (
				22B96E5A22BDFF06001BA433 /* Programmatic_Auto_Layout_ConstraintsUITests.swift in Sources */,
			);
			runOnlyForDeploymentPostprocessing = 0;
		};
/* End PBXSourcesBuildPhase section */

/* Begin PBXTargetDependency section */
		22B96E4C22BDFF05001BA433 /* PBXTargetDependency */ = {
			isa = PBXTargetDependency;
			target = 22B96E3522BDFF04001BA433 /* Programmatic Auto Layout Constraints */;
			targetProxy = 22B96E4B22BDFF05001BA433 /* PBXContainerItemProxy */;
		};
		22B96E5722BDFF06001BA433 /* PBXTargetDependency */ = {
			isa = PBXTargetDependency;
			target = 22B96E3522BDFF04001BA433 /* Programmatic Auto Layout Constraints */;
			targetProxy = 22B96E5622BDFF06001BA433 /* PBXContainerItemProxy */;
		};
/* End PBXTargetDependency section */

/* Begin PBXVariantGroup section */
		22B96E3D22BDFF04001BA433 /* Main.storyboard */ = {
			isa = PBXVariantGroup;
			children = (
				22B96E3E22BDFF04001BA433 /* Base */,
			);
			name = Main.storyboard;
			sourceTree = "<group>";
		};
		22B96E4222BDFF05001BA433 /* LaunchScreen.storyboard */ = {
			isa = PBXVariantGroup;
			children = (
				22B96E4322BDFF05001BA433 /* Base */,
			);
			name = LaunchScreen.storyboard;
			sourceTree = "<group>";
		};
/* End PBXVariantGroup section */

/* Begin XCBuildConfiguration section */
		22B96E5C22BDFF06001BA433 /* Debug */ = {
			isa = XCBuildConfiguration;
			buildSettings = {
				ALWAYS_SEARCH_USER_PATHS = NO;
				CLANG_ANALYZER_NONNULL = YES;
				CLANG_ANALYZER_NUMBER_OBJECT_CONVERSION = YES_AGGRESSIVE;
				CLANG_CXX_LANGUAGE_STANDARD = "gnu++14";
				CLANG_CXX_LIBRARY = "libc++";
				CLANG_ENABLE_MODULES = YES;
				CLANG_ENABLE_OBJC_ARC = YES;
				CLANG_ENABLE_OBJC_WEAK = YES;
				CLANG_WARN_BLOCK_CAPTURE_AUTORELEASING = YES;
				CLANG_WARN_BOOL_CONVERSION = YES;
				CLANG_WARN_COMMA = YES;
				CLANG_WARN_CONSTANT_CONVERSION = YES;
				CLANG_WARN_DEPRECATED_OBJC_IMPLEMENTATIONS = YES;
				CLANG_WARN_DIRECT_OBJC_ISA_USAGE = YES_ERROR;
				CLANG_WARN_DOCUMENTATION_COMMENTS = YES;
				CLANG_WARN_EMPTY_BODY = YES;
				CLANG_WARN_ENUM_CONVERSION = YES;
				CLANG_WARN_INFINITE_RECURSION = YES;
				CLANG_WARN_INT_CONVERSION = YES;
				CLANG_WARN_NON_LITERAL_NULL_CONVERSION = YES;
				CLANG_WARN_OBJC_IMPLICIT_RETAIN_SELF = YES;
				CLANG_WARN_OBJC_LITERAL_CONVERSION = YES;
				CLANG_WARN_OBJC_ROOT_CLASS = YES_ERROR;
				CLANG_WARN_RANGE_LOOP_ANALYSIS = YES;
				CLANG_WARN_STRICT_PROTOTYPES = YES;
				CLANG_WARN_SUSPICIOUS_MOVE = YES;
				CLANG_WARN_UNGUARDED_AVAILABILITY = YES_AGGRESSIVE;
				CLANG_WARN_UNREACHABLE_CODE = YES;
				CLANG_WARN__DUPLICATE_METHOD_MATCH = YES;
				CODE_SIGN_IDENTITY = "iPhone Developer";
				COPY_PHASE_STRIP = NO;
				DEBUG_INFORMATION_FORMAT = dwarf;
				ENABLE_STRICT_OBJC_MSGSEND = YES;
				ENABLE_TESTABILITY = YES;
				GCC_C_LANGUAGE_STANDARD = gnu11;
				GCC_DYNAMIC_NO_PIC = NO;
				GCC_NO_COMMON_BLOCKS = YES;
				GCC_OPTIMIZATION_LEVEL = 0;
				GCC_PREPROCESSOR_DEFINITIONS = (
					"DEBUG=1",
					"$(inherited)",
				);
				GCC_WARN_64_TO_32_BIT_CONVERSION = YES;
				GCC_WARN_ABOUT_RETURN_TYPE = YES_ERROR;
				GCC_WARN_UNDECLARED_SELECTOR = YES;
				GCC_WARN_UNINITIALIZED_AUTOS = YES_AGGRESSIVE;
				GCC_WARN_UNUSED_FUNCTION = YES;
				GCC_WARN_UNUSED_VARIABLE = YES;
				IPHONEOS_DEPLOYMENT_TARGET = 12.1;
				MTL_ENABLE_DEBUG_INFO = INCLUDE_SOURCE;
				MTL_FAST_MATH = YES;
				ONLY_ACTIVE_ARCH = YES;
				SDKROOT = iphoneos;
				SWIFT_ACTIVE_COMPILATION_CONDITIONS = DEBUG;
				SWIFT_OPTIMIZATION_LEVEL = "-Onone";
			};
			name = Debug;
		};
		22B96E5D22BDFF06001BA433 /* Release */ = {
			isa = XCBuildConfiguration;
			buildSettings = {
				ALWAYS_SEARCH_USER_PATHS = NO;
				CLANG_ANALYZER_NONNULL = YES;
				CLANG_ANALYZER_NUMBER_OBJECT_CONVERSION = YES_AGGRESSIVE;
				CLANG_CXX_LANGUAGE_STANDARD = "gnu++14";
				CLANG_CXX_LIBRARY = "libc++";
				CLANG_ENABLE_MODULES = YES;
				CLANG_ENABLE_OBJC_ARC = YES;
				CLANG_ENABLE_OBJC_WEAK = YES;
				CLANG_WARN_BLOCK_CAPTURE_AUTORELEASING = YES;
				CLANG_WARN_BOOL_CONVERSION = YES;
				CLANG_WARN_COMMA = YES;
				CLANG_WARN_CONSTANT_CONVERSION = YES;
				CLANG_WARN_DEPRECATED_OBJC_IMPLEMENTATIONS = YES;
				CLANG_WARN_DIRECT_OBJC_ISA_USAGE = YES_ERROR;
				CLANG_WARN_DOCUMENTATION_COMMENTS = YES;
				CLANG_WARN_EMPTY_BODY = YES;
				CLANG_WARN_ENUM_CONVERSION = YES;
				CLANG_WARN_INFINITE_RECURSION = YES;
				CLANG_WARN_INT_CONVERSION = YES;
				CLANG_WARN_NON_LITERAL_NULL_CONVERSION = YES;
				CLANG_WARN_OBJC_IMPLICIT_RETAIN_SELF = YES;
				CLANG_WARN_OBJC_LITERAL_CONVERSION = YES;
				CLANG_WARN_OBJC_ROOT_CLASS = YES_ERROR;
				CLANG_WARN_RANGE_LOOP_ANALYSIS = YES;
				CLANG_WARN_STRICT_PROTOTYPES = YES;
				CLANG_WARN_SUSPICIOUS_MOVE = YES;
				CLANG_WARN_UNGUARDED_AVAILABILITY = YES_AGGRESSIVE;
				CLANG_WARN_UNREACHABLE_CODE = YES;
				CLANG_WARN__DUPLICATE_METHOD_MATCH = YES;
				CODE_SIGN_IDENTITY = "iPhone Developer";
				COPY_PHASE_STRIP = NO;
				DEBUG_INFORMATION_FORMAT = "dwarf-with-dsym";
				ENABLE_NS_ASSERTIONS = NO;
				ENABLE_STRICT_OBJC_MSGSEND = YES;
				GCC_C_LANGUAGE_STANDARD = gnu11;
				GCC_NO_COMMON_BLOCKS = YES;
				GCC_WARN_64_TO_32_BIT_CONVERSION = YES;
				GCC_WARN_ABOUT_RETURN_TYPE = YES_ERROR;
				GCC_WARN_UNDECLARED_SELECTOR = YES;
				GCC_WARN_UNINITIALIZED_AUTOS = YES_AGGRESSIVE;
				GCC_WARN_UNUSED_FUNCTION = YES;
				GCC_WARN_UNUSED_VARIABLE = YES;
				IPHONEOS_DEPLOYMENT_TARGET = 12.1;
				MTL_ENABLE_DEBUG_INFO = NO;
				MTL_FAST_MATH = YES;
				SDKROOT = iphoneos;
				SWIFT_COMPILATION_MODE = wholemodule;
				SWIFT_OPTIMIZATION_LEVEL = "-O";
				VALIDATE_PRODUCT = YES;
			};
			name = Release;
		};
		22B96E5F22BDFF06001BA433 /* Debug */ = {
			isa = XCBuildConfiguration;
			buildSettings = {
				ASSETCATALOG_COMPILER_APPICON_NAME = AppIcon;
				CODE_SIGN_STYLE = Automatic;
				DEVELOPMENT_TEAM = NTVXB83W75;
				INFOPLIST_FILE = "Programmatic Auto Layout Constraints/Info.plist";
				LD_RUNPATH_SEARCH_PATHS = (
					"$(inherited)",
					"@executable_path/Frameworks",
				);
				PRODUCT_BUNDLE_IDENTIFIER = "missouri.edu.Programmatic-Auto-Layout-Constraints";
				PRODUCT_NAME = "$(TARGET_NAME)";
				SWIFT_VERSION = 4.2;
				TARGETED_DEVICE_FAMILY = "1,2";
			};
			name = Debug;
		};
		22B96E6022BDFF06001BA433 /* Release */ = {
			isa = XCBuildConfiguration;
			buildSettings = {
				ASSETCATALOG_COMPILER_APPICON_NAME = AppIcon;
				CODE_SIGN_STYLE = Automatic;
				DEVELOPMENT_TEAM = NTVXB83W75;
				INFOPLIST_FILE = "Programmatic Auto Layout Constraints/Info.plist";
				LD_RUNPATH_SEARCH_PATHS = (
					"$(inherited)",
					"@executable_path/Frameworks",
				);
				PRODUCT_BUNDLE_IDENTIFIER = "missouri.edu.Programmatic-Auto-Layout-Constraints";
				PRODUCT_NAME = "$(TARGET_NAME)";
				SWIFT_VERSION = 4.2;
				TARGETED_DEVICE_FAMILY = "1,2";
			};
			name = Release;
		};
		22B96E6222BDFF06001BA433 /* Debug */ = {
			isa = XCBuildConfiguration;
			buildSettings = {
				ALWAYS_EMBED_SWIFT_STANDARD_LIBRARIES = YES;
				BUNDLE_LOADER = "$(TEST_HOST)";
				CODE_SIGN_STYLE = Automatic;
				DEVELOPMENT_TEAM = NTVXB83W75;
				INFOPLIST_FILE = "Programmatic Auto Layout ConstraintsTests/Info.plist";
				LD_RUNPATH_SEARCH_PATHS = (
					"$(inherited)",
					"@executable_path/Frameworks",
					"@loader_path/Frameworks",
				);
				PRODUCT_BUNDLE_IDENTIFIER = "missouri.edu.Programmatic-Auto-Layout-ConstraintsTests";
				PRODUCT_NAME = "$(TARGET_NAME)";
				SWIFT_VERSION = 4.2;
				TARGETED_DEVICE_FAMILY = "1,2";
				TEST_HOST = "$(BUILT_PRODUCTS_DIR)/Programmatic Auto Layout Constraints.app/Programmatic Auto Layout Constraints";
			};
			name = Debug;
		};
		22B96E6322BDFF06001BA433 /* Release */ = {
			isa = XCBuildConfiguration;
			buildSettings = {
				ALWAYS_EMBED_SWIFT_STANDARD_LIBRARIES = YES;
				BUNDLE_LOADER = "$(TEST_HOST)";
				CODE_SIGN_STYLE = Automatic;
				DEVELOPMENT_TEAM = NTVXB83W75;
				INFOPLIST_FILE = "Programmatic Auto Layout ConstraintsTests/Info.plist";
				LD_RUNPATH_SEARCH_PATHS = (
					"$(inherited)",
					"@executable_path/Frameworks",
					"@loader_path/Frameworks",
				);
				PRODUCT_BUNDLE_IDENTIFIER = "missouri.edu.Programmatic-Auto-Layout-ConstraintsTests";
				PRODUCT_NAME = "$(TARGET_NAME)";
				SWIFT_VERSION = 4.2;
				TARGETED_DEVICE_FAMILY = "1,2";
				TEST_HOST = "$(BUILT_PRODUCTS_DIR)/Programmatic Auto Layout Constraints.app/Programmatic Auto Layout Constraints";
			};
			name = Release;
		};
		22B96E6522BDFF06001BA433 /* Debug */ = {
			isa = XCBuildConfiguration;
			buildSettings = {
				ALWAYS_EMBED_SWIFT_STANDARD_LIBRARIES = YES;
				CODE_SIGN_STYLE = Automatic;
				DEVELOPMENT_TEAM = NTVXB83W75;
				INFOPLIST_FILE = "Programmatic Auto Layout ConstraintsUITests/Info.plist";
				LD_RUNPATH_SEARCH_PATHS = (
					"$(inherited)",
					"@executable_path/Frameworks",
					"@loader_path/Frameworks",
				);
				PRODUCT_BUNDLE_IDENTIFIER = "missouri.edu.Programmatic-Auto-Layout-ConstraintsUITests";
				PRODUCT_NAME = "$(TARGET_NAME)";
				SWIFT_VERSION = 4.2;
				TARGETED_DEVICE_FAMILY = "1,2";
				TEST_TARGET_NAME = "Programmatic Auto Layout Constraints";
			};
			name = Debug;
		};
		22B96E6622BDFF06001BA433 /* Release */ = {
			isa = XCBuildConfiguration;
			buildSettings = {
				ALWAYS_EMBED_SWIFT_STANDARD_LIBRARIES = YES;
				CODE_SIGN_STYLE = Automatic;
				DEVELOPMENT_TEAM = NTVXB83W75;
				INFOPLIST_FILE = "Programmatic Auto Layout ConstraintsUITests/Info.plist";
				LD_RUNPATH_SEARCH_PATHS = (
					"$(inherited)",
					"@executable_path/Frameworks",
					"@loader_path/Frameworks",
				);
				PRODUCT_BUNDLE_IDENTIFIER = "missouri.edu.Programmatic-Auto-Layout-ConstraintsUITests";
				PRODUCT_NAME = "$(TARGET_NAME)";
				SWIFT_VERSION = 4.2;
				TARGETED_DEVICE_FAMILY = "1,2";
				TEST_TARGET_NAME = "Programmatic Auto Layout Constraints";
			};
			name = Release;
		};
/* End XCBuildConfiguration section */

/* Begin XCConfigurationList section */
		22B96E3122BDFF04001BA433 /* Build configuration list for PBXProject "Programmatic Auto Layout Constraints" */ = {
			isa = XCConfigurationList;
			buildConfigurations = (
				22B96E5C22BDFF06001BA433 /* Debug */,
				22B96E5D22BDFF06001BA433 /* Release */,
			);
			defaultConfigurationIsVisible = 0;
			defaultConfigurationName = Release;
		};
		22B96E5E22BDFF06001BA433 /* Build configuration list for PBXNativeTarget "Programmatic Auto Layout Constraints" */ = {
			isa = XCConfigurationList;
			buildConfigurations = (
				22B96E5F22BDFF06001BA433 /* Debug */,
				22B96E6022BDFF06001BA433 /* Release */,
			);
			defaultConfigurationIsVisible = 0;
			defaultConfigurationName = Release;
		};
		22B96E6122BDFF06001BA433 /* Build configuration list for PBXNativeTarget "Programmatic Auto Layout ConstraintsTests" */ = {
			isa = XCConfigurationList;
			buildConfigurations = (
				22B96E6222BDFF06001BA433 /* Debug */,
				22B96E6322BDFF06001BA433 /* Release */,
			);
			defaultConfigurationIsVisible = 0;
			defaultConfigurationName = Release;
		};
		22B96E6422BDFF06001BA433 /* Build configuration list for PBXNativeTarget "Programmatic Auto Layout ConstraintsUITests" */ = {
			isa = XCConfigurationList;
			buildConfigurations = (
				22B96E6522BDFF06001BA433 /* Debug */,
				22B96E6622BDFF06001BA433 /* Release */,
			);
			defaultConfigurationIsVisible = 0;
			defaultConfigurationName = Release;
		};
/* End XCConfigurationList section */
	};
	rootObject = 22B96E2E22BDFF04001BA433 /* Project object */;
}
